
Microsoft Visual Studio Solution File, Format Version 12.00
# Visual Studio Version 17
VisualStudioVersion = 17.5.002.0
MinimumVisualStudioVersion = 10.0.40219.1
Project("{9A19103F-16F7-4668-BE54-9A1E7A4F7556}") = "24_Dec", "24_Dec.csproj", "{28E3E2A1-B437-4B77-A96A-9CEB1D1AA42F}"
EndProject
Global
	GlobalSection(SolutionConfigurationPlatforms) = preSolution
		Debug|Any CPU = Debug|Any CPU
		Release|Any CPU = Release|Any CPU
	EndGlobalSection
	GlobalSection(ProjectConfigurationPlatforms) = postSolution
		{28E3E2A1-B437-4B77-A96A-9CEB1D1AA42F}.Debug|Any CPU.ActiveCfg = Debug|Any CPU
		{28E3E2A1-B437-4B77-A96A-9CEB1D1AA42F}.Debug|Any CPU.Build.0 = Debug|Any CPU
		{28E3E2A1-B437-4B77-A96A-9CEB1D1AA42F}.Release|Any CPU.ActiveCfg = Release|Any CPU
		{28E3E2A1-B437-4B77-A96A-9CEB1D1AA42F}.Release|Any CPU.Build.0 = Release|Any CPU
	EndGlobalSection
	GlobalSection(SolutionProperties) = preSolution
		HideSolutionNode = FALSE
	EndGlobalSection
	GlobalSection(ExtensibilityGlobals) = postSolution
		SolutionGuid = {22B39C0B-FEA2-4426-8547-FBB7274517B7}
	EndGlobalSection
EndGlobal
